// !$*UTF8*$!
{
	archiveVersion = 1;
	classes = {
	};
	objectVersion = 55;
	objects = {

/* Begin PBXBuildFile section */
		8232D7FD29ABABA5001549B6 /* StationDetailedView.swift in Sources */ = {isa = PBXBuildFile; fileRef = 8232D7FC29ABABA5001549B6 /* StationDetailedView.swift */; };
		8232D7FF29ABBF83001549B6 /* StationListView.swift in Sources */ = {isa = PBXBuildFile; fileRef = 8232D7FE29ABBF83001549B6 /* StationListView.swift */; };
		8232D80329ABC4CE001549B6 /* getStations.swift in Sources */ = {isa = PBXBuildFile; fileRef = 8232D80229ABC4CE001549B6 /* getStations.swift */; };
		8232D80729ABE5AB001549B6 /* GetTrainsGoingToStation.swift in Sources */ = {isa = PBXBuildFile; fileRef = 8232D80629ABE5AB001549B6 /* GetTrainsGoingToStation.swift */; };
		8232D80929ABE653001549B6 /* StationTrainDetails.swift in Sources */ = {isa = PBXBuildFile; fileRef = 8232D80829ABE653001549B6 /* StationTrainDetails.swift */; };
		8232D80D29AD5940001549B6 /* HeaderView.swift in Sources */ = {isa = PBXBuildFile; fileRef = 8232D80C29AD5940001549B6 /* HeaderView.swift */; };
		824AFF7F29B5100100E02F75 /* SettingsView.swift in Sources */ = {isa = PBXBuildFile; fileRef = 824AFF7E29B5100100E02F75 /* SettingsView.swift */; };
		825E68CF29A836F60049BF3C /* Brunswick.json in Resources */ = {isa = PBXBuildFile; fileRef = 825E68CB29A836F60049BF3C /* Brunswick.json */; };
		825E68D029A836F60049BF3C /* FredrickBranch.json in Resources */ = {isa = PBXBuildFile; fileRef = 825E68CC29A836F60049BF3C /* FredrickBranch.json */; };
		825E68D129A836F60049BF3C /* Penn.json in Resources */ = {isa = PBXBuildFile; fileRef = 825E68CD29A836F60049BF3C /* Penn.json */; };
		825E68D229A836F60049BF3C /* Camden.json in Resources */ = {isa = PBXBuildFile; fileRef = 825E68CE29A836F60049BF3C /* Camden.json */; };
		825E68D429A837200049BF3C /* route.swift in Sources */ = {isa = PBXBuildFile; fileRef = 825E68D329A837200049BF3C /* route.swift */; };
		825E68D629A838F70049BF3C /* getRouteFromFile.swift in Sources */ = {isa = PBXBuildFile; fileRef = 825E68D529A838F70049BF3C /* getRouteFromFile.swift */; };
		825E68D829A839CB0049BF3C /* MapView.swift in Sources */ = {isa = PBXBuildFile; fileRef = 825E68D729A839CB0049BF3C /* MapView.swift */; };
		825E68DA29A8495F0049BF3C /* TripUpdateData.swift in Sources */ = {isa = PBXBuildFile; fileRef = 825E68D929A8495F0049BF3C /* TripUpdateData.swift */; };
		825E68DC29A849A80049BF3C /* tu_entity.swift in Sources */ = {isa = PBXBuildFile; fileRef = 825E68DB29A849A80049BF3C /* tu_entity.swift */; };
		825E68DE29A849D30049BF3C /* tripUpdate.swift in Sources */ = {isa = PBXBuildFile; fileRef = 825E68DD29A849D30049BF3C /* tripUpdate.swift */; };
		825E68E029A849F40049BF3C /* stopTimeUpdate.swift in Sources */ = {isa = PBXBuildFile; fileRef = 825E68DF29A849F40049BF3C /* stopTimeUpdate.swift */; };
		825E68E529A84AB30049BF3C /* departure.swift in Sources */ = {isa = PBXBuildFile; fileRef = 825E68E429A84AB30049BF3C /* departure.swift */; };
		825E68E729A84B070049BF3C /* arrival.swift in Sources */ = {isa = PBXBuildFile; fileRef = 825E68E629A84B070049BF3C /* arrival.swift */; };
		825E68E929A966D50049BF3C /* GetStationFromStopId.swift in Sources */ = {isa = PBXBuildFile; fileRef = 825E68E829A966D50049BF3C /* GetStationFromStopId.swift */; };
		825E68EB29A966F10049BF3C /* station.swift in Sources */ = {isa = PBXBuildFile; fileRef = 825E68EA29A966F10049BF3C /* station.swift */; };
		825E68ED29A9675A0049BF3C /* StopData.json in Resources */ = {isa = PBXBuildFile; fileRef = 825E68EC29A9675A0049BF3C /* StopData.json */; };
		825E68EF29A96E720049BF3C /* FormatTime.swift in Sources */ = {isa = PBXBuildFile; fileRef = 825E68EE29A96E720049BF3C /* FormatTime.swift */; };
		825E68F129A97E740049BF3C /* FullScreenMap.swift in Sources */ = {isa = PBXBuildFile; fileRef = 825E68F029A97E740049BF3C /* FullScreenMap.swift */; };
		825E68F529A9828D0049BF3C /* TaskbarView.swift in Sources */ = {isa = PBXBuildFile; fileRef = 825E68F429A9828D0049BF3C /* TaskbarView.swift */; };
		825E68FD29AA927E0049BF3C /* LocationManager.swift in Sources */ = {isa = PBXBuildFile; fileRef = 825E68FC29AA927E0049BF3C /* LocationManager.swift */; };
		826EC4F829A6AEEA00F9E50D /* hello_worldApp.swift in Sources */ = {isa = PBXBuildFile; fileRef = 826EC4F729A6AEEA00F9E50D /* hello_worldApp.swift */; };
		826EC4FA29A6AEEA00F9E50D /* ContentView.swift in Sources */ = {isa = PBXBuildFile; fileRef = 826EC4F929A6AEEA00F9E50D /* ContentView.swift */; };
		826EC4FC29A6AEED00F9E50D /* Assets.xcassets in Resources */ = {isa = PBXBuildFile; fileRef = 826EC4FB29A6AEED00F9E50D /* Assets.xcassets */; };
		826EC4FF29A6AEED00F9E50D /* Preview Assets.xcassets in Resources */ = {isa = PBXBuildFile; fileRef = 826EC4FE29A6AEED00F9E50D /* Preview Assets.xcassets */; };
		826EC50929A6AEED00F9E50D /* MarcMapTests.swift in Sources */ = {isa = PBXBuildFile; fileRef = 826EC50829A6AEED00F9E50D /* MarcMapTests.swift */; };
		826EC51329A6AEED00F9E50D /* hello_worldUITests.swift in Sources */ = {isa = PBXBuildFile; fileRef = 826EC51229A6AEED00F9E50D /* hello_worldUITests.swift */; };
		826EC51529A6AEED00F9E50D /* hello_worldUITestsLaunchTests.swift in Sources */ = {isa = PBXBuildFile; fileRef = 826EC51429A6AEED00F9E50D /* hello_worldUITestsLaunchTests.swift */; };
		826EC52229A6B60600F9E50D /* apiCall.swift in Sources */ = {isa = PBXBuildFile; fileRef = 826EC52129A6B60600F9E50D /* apiCall.swift */; };
		826EC53029A6B81400F9E50D /* Train.swift in Sources */ = {isa = PBXBuildFile; fileRef = 826EC52F29A6B81400F9E50D /* Train.swift */; };
		82B1B0C729A6C0E60012ADE3 /* TrainData.swift in Sources */ = {isa = PBXBuildFile; fileRef = 82B1B0C629A6C0E60012ADE3 /* TrainData.swift */; };
		82B1B0C929A6C57C0012ADE3 /* vehicle.swift in Sources */ = {isa = PBXBuildFile; fileRef = 82B1B0C829A6C57C0012ADE3 /* vehicle.swift */; };
		82B1B0CB29A6C5CD0012ADE3 /* trip.swift in Sources */ = {isa = PBXBuildFile; fileRef = 82B1B0CA29A6C5CD0012ADE3 /* trip.swift */; };
		82B1B0CE29A6C6410012ADE3 /* position.swift in Sources */ = {isa = PBXBuildFile; fileRef = 82B1B0CD29A6C6410012ADE3 /* position.swift */; };
		82B1B0D029A6C8E20012ADE3 /* APIHeader.swift in Sources */ = {isa = PBXBuildFile; fileRef = 82B1B0CF29A6C8E20012ADE3 /* APIHeader.swift */; };
		82B1B0D229A6E53C0012ADE3 /* CustomColors.swift in Sources */ = {isa = PBXBuildFile; fileRef = 82B1B0D129A6E53C0012ADE3 /* CustomColors.swift */; };
		82B1B0D529A6E95C0012ADE3 /* FormatTripID.swift in Sources */ = {isa = PBXBuildFile; fileRef = 82B1B0D429A6E95C0012ADE3 /* FormatTripID.swift */; };
		82B1B0D729A6EA6F0012ADE3 /* RouteIdToName.swift in Sources */ = {isa = PBXBuildFile; fileRef = 82B1B0D629A6EA6F0012ADE3 /* RouteIdToName.swift */; };
		82B1B0E029A6F4010012ADE3 /* TrainsListView.swift in Sources */ = {isa = PBXBuildFile; fileRef = 82B1B0DF29A6F4010012ADE3 /* TrainsListView.swift */; };
		82B1B0E229A6F4240012ADE3 /* TrainDetailedView.swift in Sources */ = {isa = PBXBuildFile; fileRef = 82B1B0E129A6F4240012ADE3 /* TrainDetailedView.swift */; };
		82BD3FA22AFFE4AB000983A1 /* NewMapView.swift in Sources */ = {isa = PBXBuildFile; fileRef = 82BD3FA12AFFE4AB000983A1 /* NewMapView.swift */; };
		82BD3FA42AFFE5C0000983A1 /* TrainPopup.swift in Sources */ = {isa = PBXBuildFile; fileRef = 82BD3FA32AFFE5C0000983A1 /* TrainPopup.swift */; };
		82E5EEF42AA4C0C80017F59B /* timetableResponse.swift in Sources */ = {isa = PBXBuildFile; fileRef = 82E5EEF32AA4C0C80017F59B /* timetableResponse.swift */; };
		82E9F5B42B181DE200737D50 /* NewNewMapView.swift in Sources */ = {isa = PBXBuildFile; fileRef = 82E9F5B32B181DE200737D50 /* NewNewMapView.swift */; };
/* End PBXBuildFile section */

/* Begin PBXContainerItemProxy section */
		826EC50529A6AEED00F9E50D /* PBXContainerItemProxy */ = {
			isa = PBXContainerItemProxy;
			containerPortal = 826EC4EC29A6AEEA00F9E50D /* Project object */;
			proxyType = 1;
			remoteGlobalIDString = 826EC4F329A6AEEA00F9E50D;
			remoteInfo = "hello-world";
		};
		826EC50F29A6AEED00F9E50D /* PBXContainerItemProxy */ = {
			isa = PBXContainerItemProxy;
			containerPortal = 826EC4EC29A6AEEA00F9E50D /* Project object */;
			proxyType = 1;
			remoteGlobalIDString = 826EC4F329A6AEEA00F9E50D;
			remoteInfo = "hello-world";
		};
/* End PBXContainerItemProxy section */

/* Begin PBXFileReference section */
		8232D7FC29ABABA5001549B6 /* StationDetailedView.swift */ = {isa = PBXFileReference; lastKnownFileType = sourcecode.swift; path = StationDetailedView.swift; sourceTree = "<group>"; };
		8232D7FE29ABBF83001549B6 /* StationListView.swift */ = {isa = PBXFileReference; lastKnownFileType = sourcecode.swift; path = StationListView.swift; sourceTree = "<group>"; };
		8232D80229ABC4CE001549B6 /* getStations.swift */ = {isa = PBXFileReference; lastKnownFileType = sourcecode.swift; path = getStations.swift; sourceTree = "<group>"; };
		8232D80629ABE5AB001549B6 /* GetTrainsGoingToStation.swift */ = {isa = PBXFileReference; lastKnownFileType = sourcecode.swift; path = GetTrainsGoingToStation.swift; sourceTree = "<group>"; };
		8232D80829ABE653001549B6 /* StationTrainDetails.swift */ = {isa = PBXFileReference; lastKnownFileType = sourcecode.swift; path = StationTrainDetails.swift; sourceTree = "<group>"; };
		8232D80C29AD5940001549B6 /* HeaderView.swift */ = {isa = PBXFileReference; lastKnownFileType = sourcecode.swift; path = HeaderView.swift; sourceTree = "<group>"; };
		824AFF7E29B5100100E02F75 /* SettingsView.swift */ = {isa = PBXFileReference; lastKnownFileType = sourcecode.swift; path = SettingsView.swift; sourceTree = "<group>"; };
		825E68C829A823640049BF3C /* Info.plist */ = {isa = PBXFileReference; lastKnownFileType = text.plist; path = Info.plist; sourceTree = "<group>"; };
		825E68CB29A836F60049BF3C /* Brunswick.json */ = {isa = PBXFileReference; fileEncoding = 4; lastKnownFileType = text.json; path = Brunswick.json; sourceTree = "<group>"; };
		825E68CC29A836F60049BF3C /* FredrickBranch.json */ = {isa = PBXFileReference; fileEncoding = 4; lastKnownFileType = text.json; path = FredrickBranch.json; sourceTree = "<group>"; };
		825E68CD29A836F60049BF3C /* Penn.json */ = {isa = PBXFileReference; fileEncoding = 4; lastKnownFileType = text.json; path = Penn.json; sourceTree = "<group>"; };
		825E68CE29A836F60049BF3C /* Camden.json */ = {isa = PBXFileReference; fileEncoding = 4; lastKnownFileType = text.json; path = Camden.json; sourceTree = "<group>"; };
		825E68D329A837200049BF3C /* route.swift */ = {isa = PBXFileReference; lastKnownFileType = sourcecode.swift; path = route.swift; sourceTree = "<group>"; };
		825E68D529A838F70049BF3C /* getRouteFromFile.swift */ = {isa = PBXFileReference; lastKnownFileType = sourcecode.swift; path = getRouteFromFile.swift; sourceTree = "<group>"; };
		825E68D729A839CB0049BF3C /* MapView.swift */ = {isa = PBXFileReference; lastKnownFileType = sourcecode.swift; path = MapView.swift; sourceTree = "<group>"; };
		825E68D929A8495F0049BF3C /* TripUpdateData.swift */ = {isa = PBXFileReference; lastKnownFileType = sourcecode.swift; path = TripUpdateData.swift; sourceTree = "<group>"; };
		825E68DB29A849A80049BF3C /* tu_entity.swift */ = {isa = PBXFileReference; lastKnownFileType = sourcecode.swift; path = tu_entity.swift; sourceTree = "<group>"; };
		825E68DD29A849D30049BF3C /* tripUpdate.swift */ = {isa = PBXFileReference; lastKnownFileType = sourcecode.swift; path = tripUpdate.swift; sourceTree = "<group>"; };
		825E68DF29A849F40049BF3C /* stopTimeUpdate.swift */ = {isa = PBXFileReference; lastKnownFileType = sourcecode.swift; path = stopTimeUpdate.swift; sourceTree = "<group>"; };
		825E68E429A84AB30049BF3C /* departure.swift */ = {isa = PBXFileReference; lastKnownFileType = sourcecode.swift; path = departure.swift; sourceTree = "<group>"; };
		825E68E629A84B070049BF3C /* arrival.swift */ = {isa = PBXFileReference; lastKnownFileType = sourcecode.swift; path = arrival.swift; sourceTree = "<group>"; };
		825E68E829A966D50049BF3C /* GetStationFromStopId.swift */ = {isa = PBXFileReference; lastKnownFileType = sourcecode.swift; path = GetStationFromStopId.swift; sourceTree = "<group>"; };
		825E68EA29A966F10049BF3C /* station.swift */ = {isa = PBXFileReference; lastKnownFileType = sourcecode.swift; path = station.swift; sourceTree = "<group>"; };
		825E68EC29A9675A0049BF3C /* StopData.json */ = {isa = PBXFileReference; fileEncoding = 4; lastKnownFileType = text.json; path = StopData.json; sourceTree = "<group>"; };
		825E68EE29A96E720049BF3C /* FormatTime.swift */ = {isa = PBXFileReference; lastKnownFileType = sourcecode.swift; path = FormatTime.swift; sourceTree = "<group>"; };
		825E68F029A97E740049BF3C /* FullScreenMap.swift */ = {isa = PBXFileReference; lastKnownFileType = sourcecode.swift; path = FullScreenMap.swift; sourceTree = "<group>"; };
		825E68F429A9828D0049BF3C /* TaskbarView.swift */ = {isa = PBXFileReference; lastKnownFileType = sourcecode.swift; path = TaskbarView.swift; sourceTree = "<group>"; };
		825E68FC29AA927E0049BF3C /* LocationManager.swift */ = {isa = PBXFileReference; lastKnownFileType = sourcecode.swift; path = LocationManager.swift; sourceTree = "<group>"; };
		826EC4F429A6AEEA00F9E50D /* MarcMap.app */ = {isa = PBXFileReference; explicitFileType = wrapper.application; includeInIndex = 0; path = MarcMap.app; sourceTree = BUILT_PRODUCTS_DIR; };
		826EC4F729A6AEEA00F9E50D /* hello_worldApp.swift */ = {isa = PBXFileReference; lastKnownFileType = sourcecode.swift; path = hello_worldApp.swift; sourceTree = "<group>"; };
		826EC4F929A6AEEA00F9E50D /* ContentView.swift */ = {isa = PBXFileReference; lastKnownFileType = sourcecode.swift; path = ContentView.swift; sourceTree = "<group>"; };
		826EC4FB29A6AEED00F9E50D /* Assets.xcassets */ = {isa = PBXFileReference; lastKnownFileType = folder.assetcatalog; path = Assets.xcassets; sourceTree = "<group>"; };
		826EC4FE29A6AEED00F9E50D /* Preview Assets.xcassets */ = {isa = PBXFileReference; lastKnownFileType = folder.assetcatalog; path = "Preview Assets.xcassets"; sourceTree = "<group>"; };
		826EC50429A6AEED00F9E50D /* MarcMapTests.xctest */ = {isa = PBXFileReference; explicitFileType = wrapper.cfbundle; includeInIndex = 0; path = MarcMapTests.xctest; sourceTree = BUILT_PRODUCTS_DIR; };
		826EC50829A6AEED00F9E50D /* MarcMapTests.swift */ = {isa = PBXFileReference; lastKnownFileType = sourcecode.swift; path = MarcMapTests.swift; sourceTree = "<group>"; };
		826EC50E29A6AEED00F9E50D /* MarcMapUITests.xctest */ = {isa = PBXFileReference; explicitFileType = wrapper.cfbundle; includeInIndex = 0; path = MarcMapUITests.xctest; sourceTree = BUILT_PRODUCTS_DIR; };
		826EC51229A6AEED00F9E50D /* hello_worldUITests.swift */ = {isa = PBXFileReference; lastKnownFileType = sourcecode.swift; path = hello_worldUITests.swift; sourceTree = "<group>"; };
		826EC51429A6AEED00F9E50D /* hello_worldUITestsLaunchTests.swift */ = {isa = PBXFileReference; lastKnownFileType = sourcecode.swift; path = hello_worldUITestsLaunchTests.swift; sourceTree = "<group>"; };
		826EC52129A6B60600F9E50D /* apiCall.swift */ = {isa = PBXFileReference; lastKnownFileType = sourcecode.swift; path = apiCall.swift; sourceTree = "<group>"; };
		826EC52F29A6B81400F9E50D /* Train.swift */ = {isa = PBXFileReference; lastKnownFileType = sourcecode.swift; path = Train.swift; sourceTree = "<group>"; };
		82B1B0C629A6C0E60012ADE3 /* TrainData.swift */ = {isa = PBXFileReference; lastKnownFileType = sourcecode.swift; path = TrainData.swift; sourceTree = "<group>"; };
		82B1B0C829A6C57C0012ADE3 /* vehicle.swift */ = {isa = PBXFileReference; lastKnownFileType = sourcecode.swift; path = vehicle.swift; sourceTree = "<group>"; };
		82B1B0CA29A6C5CD0012ADE3 /* trip.swift */ = {isa = PBXFileReference; lastKnownFileType = sourcecode.swift; path = trip.swift; sourceTree = "<group>"; };
		82B1B0CD29A6C6410012ADE3 /* position.swift */ = {isa = PBXFileReference; lastKnownFileType = sourcecode.swift; path = position.swift; sourceTree = "<group>"; };
		82B1B0CF29A6C8E20012ADE3 /* APIHeader.swift */ = {isa = PBXFileReference; lastKnownFileType = sourcecode.swift; path = APIHeader.swift; sourceTree = "<group>"; };
		82B1B0D129A6E53C0012ADE3 /* CustomColors.swift */ = {isa = PBXFileReference; lastKnownFileType = sourcecode.swift; path = CustomColors.swift; sourceTree = "<group>"; };
		82B1B0D429A6E95C0012ADE3 /* FormatTripID.swift */ = {isa = PBXFileReference; lastKnownFileType = sourcecode.swift; path = FormatTripID.swift; sourceTree = "<group>"; };
		82B1B0D629A6EA6F0012ADE3 /* RouteIdToName.swift */ = {isa = PBXFileReference; lastKnownFileType = sourcecode.swift; path = RouteIdToName.swift; sourceTree = "<group>"; };
		82B1B0DF29A6F4010012ADE3 /* TrainsListView.swift */ = {isa = PBXFileReference; lastKnownFileType = sourcecode.swift; path = TrainsListView.swift; sourceTree = "<group>"; };
		82B1B0E129A6F4240012ADE3 /* TrainDetailedView.swift */ = {isa = PBXFileReference; lastKnownFileType = sourcecode.swift; path = TrainDetailedView.swift; sourceTree = "<group>"; };
		82BD3FA12AFFE4AB000983A1 /* NewMapView.swift */ = {isa = PBXFileReference; lastKnownFileType = sourcecode.swift; path = NewMapView.swift; sourceTree = "<group>"; };
		82BD3FA32AFFE5C0000983A1 /* TrainPopup.swift */ = {isa = PBXFileReference; lastKnownFileType = sourcecode.swift; path = TrainPopup.swift; sourceTree = "<group>"; };
		82E5EEF32AA4C0C80017F59B /* timetableResponse.swift */ = {isa = PBXFileReference; lastKnownFileType = sourcecode.swift; path = timetableResponse.swift; sourceTree = "<group>"; };
		82E9F5B32B181DE200737D50 /* NewNewMapView.swift */ = {isa = PBXFileReference; lastKnownFileType = sourcecode.swift; path = NewNewMapView.swift; sourceTree = "<group>"; };
/* End PBXFileReference section */

/* Begin PBXFrameworksBuildPhase section */
		826EC4F129A6AEEA00F9E50D /* Frameworks */ = {
			isa = PBXFrameworksBuildPhase;
			buildActionMask = 2147483647;
			files = (
			);
			runOnlyForDeploymentPostprocessing = 0;
		};
		826EC50129A6AEED00F9E50D /* Frameworks */ = {
			isa = PBXFrameworksBuildPhase;
			buildActionMask = 2147483647;
			files = (
			);
			runOnlyForDeploymentPostprocessing = 0;
		};
		826EC50B29A6AEED00F9E50D /* Frameworks */ = {
			isa = PBXFrameworksBuildPhase;
			buildActionMask = 2147483647;
			files = (
			);
			runOnlyForDeploymentPostprocessing = 0;
		};
/* End PBXFrameworksBuildPhase section */

/* Begin PBXGroup section */
		825E68C929A836A40049BF3C /* data */ = {
			isa = PBXGroup;
			children = (
				825E68EC29A9675A0049BF3C /* StopData.json */,
				825E68CA29A836F60049BF3C /* LineData */,
			);
			path = data;
			sourceTree = "<group>";
		};
		825E68CA29A836F60049BF3C /* LineData */ = {
			isa = PBXGroup;
			children = (
				825E68CB29A836F60049BF3C /* Brunswick.json */,
				825E68CC29A836F60049BF3C /* FredrickBranch.json */,
				825E68CD29A836F60049BF3C /* Penn.json */,
				825E68CE29A836F60049BF3C /* Camden.json */,
			);
			path = LineData;
			sourceTree = "<group>";
		};
		825E68E229A84A770049BF3C /* train-location */ = {
			isa = PBXGroup;
			children = (
				82B1B0C829A6C57C0012ADE3 /* vehicle.swift */,
				82B1B0CD29A6C6410012ADE3 /* position.swift */,
				82B1B0CA29A6C5CD0012ADE3 /* trip.swift */,
				826EC52F29A6B81400F9E50D /* Train.swift */,
				82B1B0C629A6C0E60012ADE3 /* TrainData.swift */,
			);
			path = "train-location";
			sourceTree = "<group>";
		};
		825E68E329A84A940049BF3C /* trip-updates */ = {
			isa = PBXGroup;
			children = (
				825E68D929A8495F0049BF3C /* TripUpdateData.swift */,
				825E68DB29A849A80049BF3C /* tu_entity.swift */,
				825E68DD29A849D30049BF3C /* tripUpdate.swift */,
				825E68DF29A849F40049BF3C /* stopTimeUpdate.swift */,
				825E68E429A84AB30049BF3C /* departure.swift */,
				825E68E629A84B070049BF3C /* arrival.swift */,
			);
			path = "trip-updates";
			sourceTree = "<group>";
		};
		826EC4EB29A6AEEA00F9E50D = {
			isa = PBXGroup;
			children = (
				826EC4F629A6AEEA00F9E50D /* MarcMap */,
				826EC50729A6AEED00F9E50D /* MarcMapTests */,
				826EC51129A6AEED00F9E50D /* MarcMapUITests */,
				826EC4F529A6AEEA00F9E50D /* Products */,
			);
			sourceTree = "<group>";
		};
		826EC4F529A6AEEA00F9E50D /* Products */ = {
			isa = PBXGroup;
			children = (
				826EC4F429A6AEEA00F9E50D /* MarcMap.app */,
				826EC50429A6AEED00F9E50D /* MarcMapTests.xctest */,
				826EC50E29A6AEED00F9E50D /* MarcMapUITests.xctest */,
			);
			name = Products;
			sourceTree = "<group>";
		};
		826EC4F629A6AEEA00F9E50D /* MarcMap */ = {
			isa = PBXGroup;
			children = (
				825E68C929A836A40049BF3C /* data */,
				825E68C829A823640049BF3C /* Info.plist */,
				82B1B0DA29A6F3060012ADE3 /* views */,
				82B1B0D929A6F2F20012ADE3 /* structs */,
				82B1B0D329A6E9460012ADE3 /* utils */,
				826EC4F729A6AEEA00F9E50D /* hello_worldApp.swift */,
				826EC4F929A6AEEA00F9E50D /* ContentView.swift */,
				826EC52129A6B60600F9E50D /* apiCall.swift */,
				826EC4FB29A6AEED00F9E50D /* Assets.xcassets */,
				826EC4FD29A6AEED00F9E50D /* Preview Content */,
			);
			path = MarcMap;
			sourceTree = "<group>";
		};
		826EC4FD29A6AEED00F9E50D /* Preview Content */ = {
			isa = PBXGroup;
			children = (
				826EC4FE29A6AEED00F9E50D /* Preview Assets.xcassets */,
			);
			path = "Preview Content";
			sourceTree = "<group>";
		};
		826EC50729A6AEED00F9E50D /* MarcMapTests */ = {
			isa = PBXGroup;
			children = (
				826EC50829A6AEED00F9E50D /* MarcMapTests.swift */,
			);
			path = MarcMapTests;
			sourceTree = "<group>";
		};
		826EC51129A6AEED00F9E50D /* MarcMapUITests */ = {
			isa = PBXGroup;
			children = (
				826EC51229A6AEED00F9E50D /* hello_worldUITests.swift */,
				826EC51429A6AEED00F9E50D /* hello_worldUITestsLaunchTests.swift */,
			);
			path = MarcMapUITests;
			sourceTree = "<group>";
		};
		82B1B0D329A6E9460012ADE3 /* utils */ = {
			isa = PBXGroup;
			children = (
				82B1B0D429A6E95C0012ADE3 /* FormatTripID.swift */,
				8232D80629ABE5AB001549B6 /* GetTrainsGoingToStation.swift */,
				82B1B0D629A6EA6F0012ADE3 /* RouteIdToName.swift */,
				825E68D529A838F70049BF3C /* getRouteFromFile.swift */,
				825E68E829A966D50049BF3C /* GetStationFromStopId.swift */,
				825E68EE29A96E720049BF3C /* FormatTime.swift */,
				825E68FC29AA927E0049BF3C /* LocationManager.swift */,
				8232D80229ABC4CE001549B6 /* getStations.swift */,
			);
			path = utils;
			sourceTree = "<group>";
		};
		82B1B0D929A6F2F20012ADE3 /* structs */ = {
			isa = PBXGroup;
			children = (
				825E68E329A84A940049BF3C /* trip-updates */,
				825E68E229A84A770049BF3C /* train-location */,
				82B1B0CF29A6C8E20012ADE3 /* APIHeader.swift */,
				82BD3FA32AFFE5C0000983A1 /* TrainPopup.swift */,
				82B1B0D129A6E53C0012ADE3 /* CustomColors.swift */,
				82E5EEF32AA4C0C80017F59B /* timetableResponse.swift */,
				825E68D329A837200049BF3C /* route.swift */,
				8232D80829ABE653001549B6 /* StationTrainDetails.swift */,
				825E68EA29A966F10049BF3C /* station.swift */,
			);
			path = structs;
			sourceTree = "<group>";
		};
		82B1B0DA29A6F3060012ADE3 /* views */ = {
			isa = PBXGroup;
			children = (
				82B1B0DF29A6F4010012ADE3 /* TrainsListView.swift */,
				82B1B0E129A6F4240012ADE3 /* TrainDetailedView.swift */,
				825E68D729A839CB0049BF3C /* MapView.swift */,
				8232D7FE29ABBF83001549B6 /* StationListView.swift */,
				824AFF7E29B5100100E02F75 /* SettingsView.swift */,
				82BD3FA12AFFE4AB000983A1 /* NewMapView.swift */,
				82E9F5B32B181DE200737D50 /* NewNewMapView.swift */,
				8232D80C29AD5940001549B6 /* HeaderView.swift */,
				8232D7FC29ABABA5001549B6 /* StationDetailedView.swift */,
				825E68F029A97E740049BF3C /* FullScreenMap.swift */,
				825E68F429A9828D0049BF3C /* TaskbarView.swift */,
			);
			path = views;
			sourceTree = "<group>";
		};
/* End PBXGroup section */

/* Begin PBXNativeTarget section */
		826EC4F329A6AEEA00F9E50D /* MarcMap */ = {
			isa = PBXNativeTarget;
			buildConfigurationList = 826EC51829A6AEED00F9E50D /* Build configuration list for PBXNativeTarget "MarcMap" */;
			buildPhases = (
				826EC4F029A6AEEA00F9E50D /* Sources */,
				826EC4F129A6AEEA00F9E50D /* Frameworks */,
				826EC4F229A6AEEA00F9E50D /* Resources */,
			);
			buildRules = (
			);
			dependencies = (
			);
			name = MarcMap;
			productName = "hello-world";
			productReference = 826EC4F429A6AEEA00F9E50D /* MarcMap.app */;
			productType = "com.apple.product-type.application";
		};
		826EC50329A6AEED00F9E50D /* MarcMapTests */ = {
			isa = PBXNativeTarget;
			buildConfigurationList = 826EC51B29A6AEED00F9E50D /* Build configuration list for PBXNativeTarget "MarcMapTests" */;
			buildPhases = (
				826EC50029A6AEED00F9E50D /* Sources */,
				826EC50129A6AEED00F9E50D /* Frameworks */,
				826EC50229A6AEED00F9E50D /* Resources */,
			);
			buildRules = (
			);
			dependencies = (
				826EC50629A6AEED00F9E50D /* PBXTargetDependency */,
			);
			name = MarcMapTests;
			productName = "hello-worldTests";
			productReference = 826EC50429A6AEED00F9E50D /* MarcMapTests.xctest */;
			productType = "com.apple.product-type.bundle.unit-test";
		};
		826EC50D29A6AEED00F9E50D /* MarcMapUITests */ = {
			isa = PBXNativeTarget;
			buildConfigurationList = 826EC51E29A6AEED00F9E50D /* Build configuration list for PBXNativeTarget "MarcMapUITests" */;
			buildPhases = (
				826EC50A29A6AEED00F9E50D /* Sources */,
				826EC50B29A6AEED00F9E50D /* Frameworks */,
				826EC50C29A6AEED00F9E50D /* Resources */,
			);
			buildRules = (
			);
			dependencies = (
				826EC51029A6AEED00F9E50D /* PBXTargetDependency */,
			);
			name = MarcMapUITests;
			productName = "hello-worldUITests";
			productReference = 826EC50E29A6AEED00F9E50D /* MarcMapUITests.xctest */;
			productType = "com.apple.product-type.bundle.ui-testing";
		};
/* End PBXNativeTarget section */

/* Begin PBXProject section */
		826EC4EC29A6AEEA00F9E50D /* Project object */ = {
			isa = PBXProject;
			attributes = {
				BuildIndependentTargetsInParallel = 1;
				LastSwiftUpdateCheck = 1340;
				LastUpgradeCheck = 1340;
				TargetAttributes = {
					826EC4F329A6AEEA00F9E50D = {
						CreatedOnToolsVersion = 13.4.1;
					};
					826EC50329A6AEED00F9E50D = {
						CreatedOnToolsVersion = 13.4.1;
						TestTargetID = 826EC4F329A6AEEA00F9E50D;
					};
					826EC50D29A6AEED00F9E50D = {
						CreatedOnToolsVersion = 13.4.1;
						TestTargetID = 826EC4F329A6AEEA00F9E50D;
					};
				};
			};
			buildConfigurationList = 826EC4EF29A6AEEA00F9E50D /* Build configuration list for PBXProject "MarcMap" */;
			compatibilityVersion = "Xcode 13.0";
			developmentRegion = en;
			hasScannedForEncodings = 0;
			knownRegions = (
				en,
				Base,
			);
			mainGroup = 826EC4EB29A6AEEA00F9E50D;
			productRefGroup = 826EC4F529A6AEEA00F9E50D /* Products */;
			projectDirPath = "";
			projectRoot = "";
			targets = (
				826EC4F329A6AEEA00F9E50D /* MarcMap */,
				826EC50329A6AEED00F9E50D /* MarcMapTests */,
				826EC50D29A6AEED00F9E50D /* MarcMapUITests */,
			);
		};
/* End PBXProject section */

/* Begin PBXResourcesBuildPhase section */
		826EC4F229A6AEEA00F9E50D /* Resources */ = {
			isa = PBXResourcesBuildPhase;
			buildActionMask = 2147483647;
			files = (
				825E68CF29A836F60049BF3C /* Brunswick.json in Resources */,
				826EC4FF29A6AEED00F9E50D /* Preview Assets.xcassets in Resources */,
				825E68D129A836F60049BF3C /* Penn.json in Resources */,
				826EC4FC29A6AEED00F9E50D /* Assets.xcassets in Resources */,
				825E68ED29A9675A0049BF3C /* StopData.json in Resources */,
				825E68D029A836F60049BF3C /* FredrickBranch.json in Resources */,
				825E68D229A836F60049BF3C /* Camden.json in Resources */,
			);
			runOnlyForDeploymentPostprocessing = 0;
		};
		826EC50229A6AEED00F9E50D /* Resources */ = {
			isa = PBXResourcesBuildPhase;
			buildActionMask = 2147483647;
			files = (
			);
			runOnlyForDeploymentPostprocessing = 0;
		};
		826EC50C29A6AEED00F9E50D /* Resources */ = {
			isa = PBXResourcesBuildPhase;
			buildActionMask = 2147483647;
			files = (
			);
			runOnlyForDeploymentPostprocessing = 0;
		};
/* End PBXResourcesBuildPhase section */

/* Begin PBXSourcesBuildPhase section */
		826EC4F029A6AEEA00F9E50D /* Sources */ = {
			isa = PBXSourcesBuildPhase;
			buildActionMask = 2147483647;
			files = (
				826EC52229A6B60600F9E50D /* apiCall.swift in Sources */,
				82B1B0CB29A6C5CD0012ADE3 /* trip.swift in Sources */,
				8232D7FD29ABABA5001549B6 /* StationDetailedView.swift in Sources */,
				82E9F5B42B181DE200737D50 /* NewNewMapView.swift in Sources */,
				826EC4FA29A6AEEA00F9E50D /* ContentView.swift in Sources */,
				8232D80729ABE5AB001549B6 /* GetTrainsGoingToStation.swift in Sources */,
				82B1B0E229A6F4240012ADE3 /* TrainDetailedView.swift in Sources */,
				825E68E529A84AB30049BF3C /* departure.swift in Sources */,
				825E68D629A838F70049BF3C /* getRouteFromFile.swift in Sources */,
				82BD3FA42AFFE5C0000983A1 /* TrainPopup.swift in Sources */,
				825E68FD29AA927E0049BF3C /* LocationManager.swift in Sources */,
				825E68F129A97E740049BF3C /* FullScreenMap.swift in Sources */,
				8232D7FF29ABBF83001549B6 /* StationListView.swift in Sources */,
				82B1B0E029A6F4010012ADE3 /* TrainsListView.swift in Sources */,
				825E68EB29A966F10049BF3C /* station.swift in Sources */,
				82B1B0C729A6C0E60012ADE3 /* TrainData.swift in Sources */,
				8232D80929ABE653001549B6 /* StationTrainDetails.swift in Sources */,
				826EC4F829A6AEEA00F9E50D /* hello_worldApp.swift in Sources */,
				825E68F529A9828D0049BF3C /* TaskbarView.swift in Sources */,
				82B1B0C929A6C57C0012ADE3 /* vehicle.swift in Sources */,
				825E68DC29A849A80049BF3C /* tu_entity.swift in Sources */,
				8232D80D29AD5940001549B6 /* HeaderView.swift in Sources */,
				825E68DA29A8495F0049BF3C /* TripUpdateData.swift in Sources */,
				825E68D829A839CB0049BF3C /* MapView.swift in Sources */,
				825E68E729A84B070049BF3C /* arrival.swift in Sources */,
				825E68E929A966D50049BF3C /* GetStationFromStopId.swift in Sources */,
				8232D80329ABC4CE001549B6 /* getStations.swift in Sources */,
				82B1B0D729A6EA6F0012ADE3 /* RouteIdToName.swift in Sources */,
				82BD3FA22AFFE4AB000983A1 /* NewMapView.swift in Sources */,
				82B1B0D229A6E53C0012ADE3 /* CustomColors.swift in Sources */,
				82B1B0D029A6C8E20012ADE3 /* APIHeader.swift in Sources */,
				82B1B0CE29A6C6410012ADE3 /* position.swift in Sources */,
				825E68D429A837200049BF3C /* route.swift in Sources */,
				825E68E029A849F40049BF3C /* stopTimeUpdate.swift in Sources */,
				825E68DE29A849D30049BF3C /* tripUpdate.swift in Sources */,
				82B1B0D529A6E95C0012ADE3 /* FormatTripID.swift in Sources */,
				82E5EEF42AA4C0C80017F59B /* timetableResponse.swift in Sources */,
				826EC53029A6B81400F9E50D /* Train.swift in Sources */,
				825E68EF29A96E720049BF3C /* FormatTime.swift in Sources */,
				824AFF7F29B5100100E02F75 /* SettingsView.swift in Sources */,
			);
			runOnlyForDeploymentPostprocessing = 0;
		};
		826EC50029A6AEED00F9E50D /* Sources */ = {
			isa = PBXSourcesBuildPhase;
			buildActionMask = 2147483647;
			files = (
				826EC50929A6AEED00F9E50D /* MarcMapTests.swift in Sources */,
			);
			runOnlyForDeploymentPostprocessing = 0;
		};
		826EC50A29A6AEED00F9E50D /* Sources */ = {
			isa = PBXSourcesBuildPhase;
			buildActionMask = 2147483647;
			files = (
				826EC51529A6AEED00F9E50D /* hello_worldUITestsLaunchTests.swift in Sources */,
				826EC51329A6AEED00F9E50D /* hello_worldUITests.swift in Sources */,
			);
			runOnlyForDeploymentPostprocessing = 0;
		};
/* End PBXSourcesBuildPhase section */

/* Begin PBXTargetDependency section */
		826EC50629A6AEED00F9E50D /* PBXTargetDependency */ = {
			isa = PBXTargetDependency;
			target = 826EC4F329A6AEEA00F9E50D /* MarcMap */;
			targetProxy = 826EC50529A6AEED00F9E50D /* PBXContainerItemProxy */;
		};
		826EC51029A6AEED00F9E50D /* PBXTargetDependency */ = {
			isa = PBXTargetDependency;
			target = 826EC4F329A6AEEA00F9E50D /* MarcMap */;
			targetProxy = 826EC50F29A6AEED00F9E50D /* PBXContainerItemProxy */;
		};
/* End PBXTargetDependency section */

/* Begin XCBuildConfiguration section */
		826EC51629A6AEED00F9E50D /* Debug */ = {
			isa = XCBuildConfiguration;
			buildSettings = {
				ALWAYS_SEARCH_USER_PATHS = NO;
				CLANG_ANALYZER_NONNULL = YES;
				CLANG_ANALYZER_NUMBER_OBJECT_CONVERSION = YES_AGGRESSIVE;
				CLANG_CXX_LANGUAGE_STANDARD = "gnu++17";
				CLANG_ENABLE_MODULES = YES;
				CLANG_ENABLE_OBJC_ARC = YES;
				CLANG_ENABLE_OBJC_WEAK = YES;
				CLANG_WARN_BLOCK_CAPTURE_AUTORELEASING = YES;
				CLANG_WARN_BOOL_CONVERSION = YES;
				CLANG_WARN_COMMA = YES;
				CLANG_WARN_CONSTANT_CONVERSION = YES;
				CLANG_WARN_DEPRECATED_OBJC_IMPLEMENTATIONS = YES;
				CLANG_WARN_DIRECT_OBJC_ISA_USAGE = YES_ERROR;
				CLANG_WARN_DOCUMENTATION_COMMENTS = YES;
				CLANG_WARN_EMPTY_BODY = YES;
				CLANG_WARN_ENUM_CONVERSION = YES;
				CLANG_WARN_INFINITE_RECURSION = YES;
				CLANG_WARN_INT_CONVERSION = YES;
				CLANG_WARN_NON_LITERAL_NULL_CONVERSION = YES;
				CLANG_WARN_OBJC_IMPLICIT_RETAIN_SELF = YES;
				CLANG_WARN_OBJC_LITERAL_CONVERSION = YES;
				CLANG_WARN_OBJC_ROOT_CLASS = YES_ERROR;
				CLANG_WARN_QUOTED_INCLUDE_IN_FRAMEWORK_HEADER = YES;
				CLANG_WARN_RANGE_LOOP_ANALYSIS = YES;
				CLANG_WARN_STRICT_PROTOTYPES = YES;
				CLANG_WARN_SUSPICIOUS_MOVE = YES;
				CLANG_WARN_UNGUARDED_AVAILABILITY = YES_AGGRESSIVE;
				CLANG_WARN_UNREACHABLE_CODE = YES;
				CLANG_WARN__DUPLICATE_METHOD_MATCH = YES;
				COPY_PHASE_STRIP = NO;
				DEBUG_INFORMATION_FORMAT = dwarf;
				ENABLE_STRICT_OBJC_MSGSEND = YES;
				ENABLE_TESTABILITY = YES;
				GCC_C_LANGUAGE_STANDARD = gnu11;
				GCC_DYNAMIC_NO_PIC = NO;
				GCC_NO_COMMON_BLOCKS = YES;
				GCC_OPTIMIZATION_LEVEL = 0;
				GCC_PREPROCESSOR_DEFINITIONS = (
					"DEBUG=1",
					"$(inherited)",
				);
				GCC_WARN_64_TO_32_BIT_CONVERSION = YES;
				GCC_WARN_ABOUT_RETURN_TYPE = YES_ERROR;
				GCC_WARN_UNDECLARED_SELECTOR = YES;
				GCC_WARN_UNINITIALIZED_AUTOS = YES_AGGRESSIVE;
				GCC_WARN_UNUSED_FUNCTION = YES;
				GCC_WARN_UNUSED_VARIABLE = YES;
				IPHONEOS_DEPLOYMENT_TARGET = 15.5;
				MTL_ENABLE_DEBUG_INFO = INCLUDE_SOURCE;
				MTL_FAST_MATH = YES;
				ONLY_ACTIVE_ARCH = YES;
				SDKROOT = iphoneos;
				SWIFT_ACTIVE_COMPILATION_CONDITIONS = DEBUG;
				SWIFT_OPTIMIZATION_LEVEL = "-Onone";
			};
			name = Debug;
		};
		826EC51729A6AEED00F9E50D /* Release */ = {
			isa = XCBuildConfiguration;
			buildSettings = {
				ALWAYS_SEARCH_USER_PATHS = NO;
				CLANG_ANALYZER_NONNULL = YES;
				CLANG_ANALYZER_NUMBER_OBJECT_CONVERSION = YES_AGGRESSIVE;
				CLANG_CXX_LANGUAGE_STANDARD = "gnu++17";
				CLANG_ENABLE_MODULES = YES;
				CLANG_ENABLE_OBJC_ARC = YES;
				CLANG_ENABLE_OBJC_WEAK = YES;
				CLANG_WARN_BLOCK_CAPTURE_AUTORELEASING = YES;
				CLANG_WARN_BOOL_CONVERSION = YES;
				CLANG_WARN_COMMA = YES;
				CLANG_WARN_CONSTANT_CONVERSION = YES;
				CLANG_WARN_DEPRECATED_OBJC_IMPLEMENTATIONS = YES;
				CLANG_WARN_DIRECT_OBJC_ISA_USAGE = YES_ERROR;
				CLANG_WARN_DOCUMENTATION_COMMENTS = YES;
				CLANG_WARN_EMPTY_BODY = YES;
				CLANG_WARN_ENUM_CONVERSION = YES;
				CLANG_WARN_INFINITE_RECURSION = YES;
				CLANG_WARN_INT_CONVERSION = YES;
				CLANG_WARN_NON_LITERAL_NULL_CONVERSION = YES;
				CLANG_WARN_OBJC_IMPLICIT_RETAIN_SELF = YES;
				CLANG_WARN_OBJC_LITERAL_CONVERSION = YES;
				CLANG_WARN_OBJC_ROOT_CLASS = YES_ERROR;
				CLANG_WARN_QUOTED_INCLUDE_IN_FRAMEWORK_HEADER = YES;
				CLANG_WARN_RANGE_LOOP_ANALYSIS = YES;
				CLANG_WARN_STRICT_PROTOTYPES = YES;
				CLANG_WARN_SUSPICIOUS_MOVE = YES;
				CLANG_WARN_UNGUARDED_AVAILABILITY = YES_AGGRESSIVE;
				CLANG_WARN_UNREACHABLE_CODE = YES;
				CLANG_WARN__DUPLICATE_METHOD_MATCH = YES;
				COPY_PHASE_STRIP = NO;
				DEBUG_INFORMATION_FORMAT = "dwarf-with-dsym";
				ENABLE_NS_ASSERTIONS = NO;
				ENABLE_STRICT_OBJC_MSGSEND = YES;
				GCC_C_LANGUAGE_STANDARD = gnu11;
				GCC_NO_COMMON_BLOCKS = YES;
				GCC_WARN_64_TO_32_BIT_CONVERSION = YES;
				GCC_WARN_ABOUT_RETURN_TYPE = YES_ERROR;
				GCC_WARN_UNDECLARED_SELECTOR = YES;
				GCC_WARN_UNINITIALIZED_AUTOS = YES_AGGRESSIVE;
				GCC_WARN_UNUSED_FUNCTION = YES;
				GCC_WARN_UNUSED_VARIABLE = YES;
				IPHONEOS_DEPLOYMENT_TARGET = 15.5;
				MTL_ENABLE_DEBUG_INFO = NO;
				MTL_FAST_MATH = YES;
				SDKROOT = iphoneos;
				SWIFT_COMPILATION_MODE = wholemodule;
				SWIFT_OPTIMIZATION_LEVEL = "-O";
				VALIDATE_PRODUCT = YES;
			};
			name = Release;
		};
		826EC51929A6AEED00F9E50D /* Debug */ = {
			isa = XCBuildConfiguration;
			buildSettings = {
				ASSETCATALOG_COMPILER_APPICON_NAME = AppIcon;
				ASSETCATALOG_COMPILER_GLOBAL_ACCENT_COLOR_NAME = AccentColor;
				ASSETCATALOG_COMPILER_INCLUDE_ALL_APPICON_ASSETS = YES;
				CODE_SIGN_STYLE = Automatic;
				CURRENT_PROJECT_VERSION = 12;
				DEVELOPMENT_ASSET_PATHS = "\"MarcMap/Preview Content\"";
				DEVELOPMENT_TEAM = HJCD65FY5D;
				ENABLE_PREVIEWS = YES;
				GENERATE_INFOPLIST_FILE = YES;
				INFOPLIST_FILE = MarcMap/Info.plist;
				INFOPLIST_KEY_CFBundleDisplayName = MarcMap;
				INFOPLIST_KEY_LSApplicationCategoryType = "public.app-category.travel";
				INFOPLIST_KEY_NSLocationWhenInUseUsageDescription = "We need your location to show you nearby stations and trains.";
				INFOPLIST_KEY_UIApplicationSceneManifest_Generation = YES;
				INFOPLIST_KEY_UIApplicationSupportsIndirectInputEvents = YES;
				INFOPLIST_KEY_UILaunchScreen_Generation = YES;
				INFOPLIST_KEY_UIRequiresFullScreen = YES;
				INFOPLIST_KEY_UIStatusBarStyle = "";
				INFOPLIST_KEY_UISupportedInterfaceOrientations = UIInterfaceOrientationPortrait;
				INFOPLIST_KEY_UISupportsDocumentBrowser = NO;
				IPHONEOS_DEPLOYMENT_TARGET = 16.0;
				LD_RUNPATH_SEARCH_PATHS = (
					"$(inherited)",
					"@executable_path/Frameworks",
				);
				MARKETING_VERSION = 1.16;
				PRODUCT_BUNDLE_IDENTIFIER = "qpxdesign.marc-map";
				PRODUCT_NAME = "$(TARGET_NAME)";
				SWIFT_EMIT_LOC_STRINGS = YES;
				SWIFT_VERSION = 5.0;
				TARGETED_DEVICE_FAMILY = "1,2";
			};
			name = Debug;
		};
		826EC51A29A6AEED00F9E50D /* Release */ = {
			isa = XCBuildConfiguration;
			buildSettings = {
				ASSETCATALOG_COMPILER_APPICON_NAME = AppIcon;
				ASSETCATALOG_COMPILER_GLOBAL_ACCENT_COLOR_NAME = AccentColor;
				ASSETCATALOG_COMPILER_INCLUDE_ALL_APPICON_ASSETS = YES;
				CODE_SIGN_STYLE = Automatic;
				CURRENT_PROJECT_VERSION = 12;
				DEVELOPMENT_ASSET_PATHS = "\"MarcMap/Preview Content\"";
				DEVELOPMENT_TEAM = HJCD65FY5D;
				ENABLE_PREVIEWS = YES;
				GENERATE_INFOPLIST_FILE = YES;
				INFOPLIST_FILE = MarcMap/Info.plist;
				INFOPLIST_KEY_CFBundleDisplayName = MarcMap;
				INFOPLIST_KEY_LSApplicationCategoryType = "public.app-category.travel";
				INFOPLIST_KEY_NSLocationWhenInUseUsageDescription = "We need your location to show you nearby stations and trains.";
				INFOPLIST_KEY_UIApplicationSceneManifest_Generation = YES;
				INFOPLIST_KEY_UIApplicationSupportsIndirectInputEvents = YES;
				INFOPLIST_KEY_UILaunchScreen_Generation = YES;
				INFOPLIST_KEY_UIRequiresFullScreen = YES;
				INFOPLIST_KEY_UIStatusBarStyle = "";
				INFOPLIST_KEY_UISupportedInterfaceOrientations = UIInterfaceOrientationPortrait;
				INFOPLIST_KEY_UISupportsDocumentBrowser = NO;
				IPHONEOS_DEPLOYMENT_TARGET = 16.0;
				LD_RUNPATH_SEARCH_PATHS = (
					"$(inherited)",
					"@executable_path/Frameworks",
				);
				MARKETING_VERSION = 1.16;
				PRODUCT_BUNDLE_IDENTIFIER = "qpxdesign.marc-map";
				PRODUCT_NAME = "$(TARGET_NAME)";
				SWIFT_EMIT_LOC_STRINGS = YES;
				SWIFT_VERSION = 5.0;
				TARGETED_DEVICE_FAMILY = "1,2";
			};
			name = Release;
		};
		826EC51C29A6AEED00F9E50D /* Debug */ = {
			isa = XCBuildConfiguration;
			buildSettings = {
				ALWAYS_EMBED_SWIFT_STANDARD_LIBRARIES = YES;
				BUNDLE_LOADER = "$(TEST_HOST)";
				CODE_SIGN_STYLE = Automatic;
				CURRENT_PROJECT_VERSION = 1;
				GENERATE_INFOPLIST_FILE = YES;
				IPHONEOS_DEPLOYMENT_TARGET = 15.5;
				MARKETING_VERSION = 1.0;
				PRODUCT_BUNDLE_IDENTIFIER = "qpxdesign.hello-worldTests";
				PRODUCT_NAME = "$(TARGET_NAME)";
				SWIFT_EMIT_LOC_STRINGS = NO;
				SWIFT_VERSION = 5.0;
				TARGETED_DEVICE_FAMILY = "1,2";
				TEST_HOST = "$(BUILT_PRODUCTS_DIR)/MarcMap.app/MarcMap";
			};
			name = Debug;
		};
		826EC51D29A6AEED00F9E50D /* Release */ = {
			isa = XCBuildConfiguration;
			buildSettings = {
				ALWAYS_EMBED_SWIFT_STANDARD_LIBRARIES = YES;
				BUNDLE_LOADER = "$(TEST_HOST)";
				CODE_SIGN_STYLE = Automatic;
				CURRENT_PROJECT_VERSION = 1;
				GENERATE_INFOPLIST_FILE = YES;
				IPHONEOS_DEPLOYMENT_TARGET = 15.5;
				MARKETING_VERSION = 1.0;
				PRODUCT_BUNDLE_IDENTIFIER = "qpxdesign.hello-worldTests";
				PRODUCT_NAME = "$(TARGET_NAME)";
				SWIFT_EMIT_LOC_STRINGS = NO;
				SWIFT_VERSION = 5.0;
				TARGETED_DEVICE_FAMILY = "1,2";
				TEST_HOST = "$(BUILT_PRODUCTS_DIR)/MarcMap.app/MarcMap";
			};
			name = Release;
		};
		826EC51F29A6AEED00F9E50D /* Debug */ = {
			isa = XCBuildConfiguration;
			buildSettings = {
				ALWAYS_EMBED_SWIFT_STANDARD_LIBRARIES = YES;
				CODE_SIGN_STYLE = Automatic;
				CURRENT_PROJECT_VERSION = 1;
				GENERATE_INFOPLIST_FILE = YES;
				MARKETING_VERSION = 1.0;
				PRODUCT_BUNDLE_IDENTIFIER = "qpxdesign.hello-worldUITests";
				PRODUCT_NAME = "$(TARGET_NAME)";
				SWIFT_EMIT_LOC_STRINGS = NO;
				SWIFT_VERSION = 5.0;
				TARGETED_DEVICE_FAMILY = "1,2";
				TEST_TARGET_NAME = "hello-world";
			};
			name = Debug;
		};
		826EC52029A6AEED00F9E50D /* Release */ = {
			isa = XCBuildConfiguration;
			buildSettings = {
				ALWAYS_EMBED_SWIFT_STANDARD_LIBRARIES = YES;
				CODE_SIGN_STYLE = Automatic;
				CURRENT_PROJECT_VERSION = 1;
				GENERATE_INFOPLIST_FILE = YES;
				MARKETING_VERSION = 1.0;
				PRODUCT_BUNDLE_IDENTIFIER = "qpxdesign.hello-worldUITests";
				PRODUCT_NAME = "$(TARGET_NAME)";
				SWIFT_EMIT_LOC_STRINGS = NO;
				SWIFT_VERSION = 5.0;
				TARGETED_DEVICE_FAMILY = "1,2";
				TEST_TARGET_NAME = "hello-world";
			};
			name = Release;
		};
/* End XCBuildConfiguration section */

/* Begin XCConfigurationList section */
		826EC4EF29A6AEEA00F9E50D /* Build configuration list for PBXProject "MarcMap" */ = {
			isa = XCConfigurationList;
			buildConfigurations = (
				826EC51629A6AEED00F9E50D /* Debug */,
				826EC51729A6AEED00F9E50D /* Release */,
			);
			defaultConfigurationIsVisible = 0;
			defaultConfigurationName = Release;
		};
		826EC51829A6AEED00F9E50D /* Build configuration list for PBXNativeTarget "MarcMap" */ = {
			isa = XCConfigurationList;
			buildConfigurations = (
				826EC51929A6AEED00F9E50D /* Debug */,
				826EC51A29A6AEED00F9E50D /* Release */,
			);
			defaultConfigurationIsVisible = 0;
			defaultConfigurationName = Release;
		};
		826EC51B29A6AEED00F9E50D /* Build configuration list for PBXNativeTarget "MarcMapTests" */ = {
			isa = XCConfigurationList;
			buildConfigurations = (
				826EC51C29A6AEED00F9E50D /* Debug */,
				826EC51D29A6AEED00F9E50D /* Release */,
			);
			defaultConfigurationIsVisible = 0;
			defaultConfigurationName = Release;
		};
		826EC51E29A6AEED00F9E50D /* Build configuration list for PBXNativeTarget "MarcMapUITests" */ = {
			isa = XCConfigurationList;
			buildConfigurations = (
				826EC51F29A6AEED00F9E50D /* Debug */,
				826EC52029A6AEED00F9E50D /* Release */,
			);
			defaultConfigurationIsVisible = 0;
			defaultConfigurationName = Release;
		};
/* End XCConfigurationList section */
	};
	rootObject = 826EC4EC29A6AEEA00F9E50D /* Project object */;
}
